// !$*UTF8*$!
{
	archiveVersion = 1;
	classes = {
	};
	objectVersion = 50;
	objects = {

/* Begin PBXBuildFile section */
		9111C0B426305D760028722D /* Flower.swift in Sources */ = {isa = PBXBuildFile; fileRef = 9111C0B326305D760028722D /* Flower.swift */; };
		917A25F7262C81A7008E5CF5 /* FlowerLoadingSpinnerApp.swift in Sources */ = {isa = PBXBuildFile; fileRef = 917A25F6262C81A7008E5CF5 /* FlowerLoadingSpinnerApp.swift */; };
		917A25F9262C81A7008E5CF5 /* ContentView.swift in Sources */ = {isa = PBXBuildFile; fileRef = 917A25F8262C81A7008E5CF5 /* ContentView.swift */; };
		917A25FB262C81B0008E5CF5 /* Assets.xcassets in Resources */ = {isa = PBXBuildFile; fileRef = 917A25FA262C81B0008E5CF5 /* Assets.xcassets */; };
		917A25FE262C81B0008E5CF5 /* Preview Assets.xcassets in Resources */ = {isa = PBXBuildFile; fileRef = 917A25FD262C81B0008E5CF5 /* Preview Assets.xcassets */; };
/* End PBXBuildFile section */

/* Begin PBXFileReference section */
		9111C0B326305D760028722D /* Flower.swift */ = {isa = PBXFileReference; lastKnownFileType = sourcecode.swift; path = Flower.swift; sourceTree = "<group>"; };
		917A25F3262C81A7008E5CF5 /* FlowerLoadingSpinner.app */ = {isa = PBXFileReference; explicitFileType = wrapper.application; includeInIndex = 0; path = FlowerLoadingSpinner.app; sourceTree = BUILT_PRODUCTS_DIR; };
		917A25F6262C81A7008E5CF5 /* FlowerLoadingSpinnerApp.swift */ = {isa = PBXFileReference; lastKnownFileType = sourcecode.swift; path = FlowerLoadingSpinnerApp.swift; sourceTree = "<group>"; };
		917A25F8262C81A7008E5CF5 /* ContentView.swift */ = {isa = PBXFileReference; lastKnownFileType = sourcecode.swift; path = ContentView.swift; sourceTree = "<group>"; };
		917A25FA262C81B0008E5CF5 /* Assets.xcassets */ = {isa = PBXFileReference; lastKnownFileType = folder.assetcatalog; path = Assets.xcassets; sourceTree = "<group>"; };
		917A25FD262C81B0008E5CF5 /* Preview Assets.xcassets */ = {isa = PBXFileReference; lastKnownFileType = folder.assetcatalog; path = "Preview Assets.xcassets"; sourceTree = "<group>"; };
		917A25FF262C81B0008E5CF5 /* Info.plist */ = {isa = PBXFileReference; lastKnownFileType = text.plist.xml; path = Info.plist; sourceTree = "<group>"; };
/* End PBXFileReference section */

/* Begin PBXFrameworksBuildPhase section */
		917A25F0262C81A7008E5CF5 /* Frameworks */ = {
			isa = PBXFrameworksBuildPhase;
			buildActionMask = 2147483647;
			files = (
			);
			runOnlyForDeploymentPostprocessing = 0;
		};
/* End PBXFrameworksBuildPhase section */

/* Begin PBXGroup section */
		917A25EA262C81A7008E5CF5 = {
			isa = PBXGroup;
			children = (
				917A25F5262C81A7008E5CF5 /* FlowerLoadingSpinner */,
				917A25F4262C81A7008E5CF5 /* Products */,
			);
			sourceTree = "<group>";
		};
		917A25F4262C81A7008E5CF5 /* Products */ = {
			isa = PBXGroup;
			children = (
				917A25F3262C81A7008E5CF5 /* FlowerLoadingSpinner.app */,
			);
			name = Products;
			sourceTree = "<group>";
		};
		917A25F5262C81A7008E5CF5 /* FlowerLoadingSpinner */ = {
			isa = PBXGroup;
			children = (
				917A25F6262C81A7008E5CF5 /* FlowerLoadingSpinnerApp.swift */,
				917A25F8262C81A7008E5CF5 /* ContentView.swift */,
				917A25FA262C81B0008E5CF5 /* Assets.xcassets */,
				917A25FF262C81B0008E5CF5 /* Info.plist */,
				917A25FC262C81B0008E5CF5 /* Preview Content */,
				9111C0B326305D760028722D /* Flower.swift */,
			);
			path = FlowerLoadingSpinner;
			sourceTree = "<group>";
		};
		917A25FC262C81B0008E5CF5 /* Preview Content */ = {
			isa = PBXGroup;
			children = (
				917A25FD262C81B0008E5CF5 /* Preview Assets.xcassets */,
			);
			path = "Preview Content";
			sourceTree = "<group>";
		};
/* End PBXGroup section */

/* Begin PBXNativeTarget section */
		917A25F2262C81A7008E5CF5 /* FlowerLoadingSpinner */ = {
			isa = PBXNativeTarget;
			buildConfigurationList = 917A2602262C81B0008E5CF5 /* Build configuration list for PBXNativeTarget "FlowerLoadingSpinner" */;
			buildPhases = (
				917A25EF262C81A7008E5CF5 /* Sources */,
				917A25F0262C81A7008E5CF5 /* Frameworks */,
				917A25F1262C81A7008E5CF5 /* Resources */,
			);
			buildRules = (
			);
			dependencies = (
			);
			name = FlowerLoadingSpinner;
			productName = FlowerLoadingSpinner;
			productReference = 917A25F3262C81A7008E5CF5 /* FlowerLoadingSpinner.app */;
			productType = "com.apple.product-type.application";
		};
/* End PBXNativeTarget section */

/* Begin PBXProject section */
		917A25EB262C81A7008E5CF5 /* Project object */ = {
			isa = PBXProject;
			attributes = {
				LastSwiftUpdateCheck = 1200;
				LastUpgradeCheck = 1200;
				TargetAttributes = {
					917A25F2262C81A7008E5CF5 = {
						CreatedOnToolsVersion = 12.0;
					};
				};
			};
			buildConfigurationList = 917A25EE262C81A7008E5CF5 /* Build configuration list for PBXProject "FlowerLoadingSpinner" */;
			compatibilityVersion = "Xcode 9.3";
			developmentRegion = en;
			hasScannedForEncodings = 0;
			knownRegions = (
				en,
				Base,
			);
			mainGroup = 917A25EA262C81A7008E5CF5;
			productRefGroup = 917A25F4262C81A7008E5CF5 /* Products */;
			projectDirPath = "";
			projectRoot = "";
			targets = (
				917A25F2262C81A7008E5CF5 /* FlowerLoadingSpinner */,
			);
		};
/* End PBXProject section */

/* Begin PBXResourcesBuildPhase section */
		917A25F1262C81A7008E5CF5 /* Resources */ = {
			isa = PBXResourcesBuildPhase;
			buildActionMask = 2147483647;
			files = (
				917A25FE262C81B0008E5CF5 /* Preview Assets.xcassets in Resources */,
				917A25FB262C81B0008E5CF5 /* Assets.xcassets in Resources */,
			);
			runOnlyForDeploymentPostprocessing = 0;
		};
/* End PBXResourcesBuildPhase section */

/* Begin PBXSourcesBuildPhase section */
		917A25EF262C81A7008E5CF5 /* Sources */ = {
			isa = PBXSourcesBuildPhase;
			buildActionMask = 2147483647;
			files = (
				917A25F9262C81A7008E5CF5 /* ContentView.swift in Sources */,
				917A25F7262C81A7008E5CF5 /* FlowerLoadingSpinnerApp.swift in Sources */,
				9111C0B426305D760028722D /* Flower.swift in Sources */,
			);
			runOnlyForDeploymentPostprocessing = 0;
		};
/* End PBXSourcesBuildPhase section */

/* Begin XCBuildConfiguration section */
		917A2600262C81B0008E5CF5 /* Debug */ = {
			isa = XCBuildConfiguration;
			buildSettings = {
				ALWAYS_SEARCH_USER_PATHS = NO;
				CLANG_ANALYZER_NONNULL = YES;
				CLANG_ANALYZER_NUMBER_OBJECT_CONVERSION = YES_AGGRESSIVE;
				CLANG_CXX_LANGUAGE_STANDARD = "gnu++14";
				CLANG_CXX_LIBRARY = "libc++";
				CLANG_ENABLE_MODULES = YES;
				CLANG_ENABLE_OBJC_ARC = YES;
				CLANG_ENABLE_OBJC_WEAK = YES;
				CLANG_WARN_BLOCK_CAPTURE_AUTORELEASING = YES;
				CLANG_WARN_BOOL_CONVERSION = YES;
				CLANG_WARN_COMMA = YES;
				CLANG_WARN_CONSTANT_CONVERSION = YES;
				CLANG_WARN_DEPRECATED_OBJC_IMPLEMENTATIONS = YES;
				CLANG_WARN_DIRECT_OBJC_ISA_USAGE = YES_ERROR;
				CLANG_WARN_DOCUMENTATION_COMMENTS = YES;
				CLANG_WARN_EMPTY_BODY = YES;
				CLANG_WARN_ENUM_CONVERSION = YES;
				CLANG_WARN_INFINITE_RECURSION = YES;
				CLANG_WARN_INT_CONVERSION = YES;
				CLANG_WARN_NON_LITERAL_NULL_CONVERSION = YES;
				CLANG_WARN_OBJC_IMPLICIT_RETAIN_SELF = YES;
				CLANG_WARN_OBJC_LITERAL_CONVERSION = YES;
				CLANG_WARN_OBJC_ROOT_CLASS = YES_ERROR;
				CLANG_WARN_QUOTED_INCLUDE_IN_FRAMEWORK_HEADER = YES;
				CLANG_WARN_RANGE_LOOP_ANALYSIS = YES;
				CLANG_WARN_STRICT_PROTOTYPES = YES;
				CLANG_WARN_SUSPICIOUS_MOVE = YES;
				CLANG_WARN_UNGUARDED_AVAILABILITY = YES_AGGRESSIVE;
				CLANG_WARN_UNREACHABLE_CODE = YES;
				CLANG_WARN__DUPLICATE_METHOD_MATCH = YES;
				COPY_PHASE_STRIP = NO;
				DEBUG_INFORMATION_FORMAT = dwarf;
				ENABLE_STRICT_OBJC_MSGSEND = YES;
				ENABLE_TESTABILITY = YES;
				GCC_C_LANGUAGE_STANDARD = gnu11;
				GCC_DYNAMIC_NO_PIC = NO;
				GCC_NO_COMMON_BLOCKS = YES;
				GCC_OPTIMIZATION_LEVEL = 0;
				GCC_PREPROCESSOR_DEFINITIONS = (
					"DEBUG=1",
					"$(inherited)",
				);
				GCC_WARN_64_TO_32_BIT_CONVERSION = YES;
				GCC_WARN_ABOUT_RETURN_TYPE = YES_ERROR;
				GCC_WARN_UNDECLARED_SELECTOR = YES;
				GCC_WARN_UNINITIALIZED_AUTOS = YES_AGGRESSIVE;
				GCC_WARN_UNUSED_FUNCTION = YES;
				GCC_WARN_UNUSED_VARIABLE = YES;
				IPHONEOS_DEPLOYMENT_TARGET = 14.0;
				MTL_ENABLE_DEBUG_INFO = INCLUDE_SOURCE;
				MTL_FAST_MATH = YES;
				ONLY_ACTIVE_ARCH = YES;
				SDKROOT = iphoneos;
				SWIFT_ACTIVE_COMPILATION_CONDITIONS = DEBUG;
				SWIFT_OPTIMIZATION_LEVEL = "-Onone";
			};
			name = Debug;
		};
		917A2601262C81B0008E5CF5 /* Release */ = {
			isa = XCBuildConfiguration;
			buildSettings = {
				ALWAYS_SEARCH_USER_PATHS = NO;
				CLANG_ANALYZER_NONNULL = YES;
				CLANG_ANALYZER_NUMBER_OBJECT_CONVERSION = YES_AGGRESSIVE;
				CLANG_CXX_LANGUAGE_STANDARD = "gnu++14";
				CLANG_CXX_LIBRARY = "libc++";
				CLANG_ENABLE_MODULES = YES;
				CLANG_ENABLE_OBJC_ARC = YES;
				CLANG_ENABLE_OBJC_WEAK = YES;
				CLANG_WARN_BLOCK_CAPTURE_AUTORELEASING = YES;
				CLANG_WARN_BOOL_CONVERSION = YES;
				CLANG_WARN_COMMA = YES;
				CLANG_WARN_CONSTANT_CONVERSION = YES;
				CLANG_WARN_DEPRECATED_OBJC_IMPLEMENTATIONS = YES;
				CLANG_WARN_DIRECT_OBJC_ISA_USAGE = YES_ERROR;
				CLANG_WARN_DOCUMENTATION_COMMENTS = YES;
				CLANG_WARN_EMPTY_BODY = YES;
				CLANG_WARN_ENUM_CONVERSION = YES;
				CLANG_WARN_INFINITE_RECURSION = YES;
				CLANG_WARN_INT_CONVERSION = YES;
				CLANG_WARN_NON_LITERAL_NULL_CONVERSION = YES;
				CLANG_WARN_OBJC_IMPLICIT_RETAIN_SELF = YES;
				CLANG_WARN_OBJC_LITERAL_CONVERSION = YES;
				CLANG_WARN_OBJC_ROOT_CLASS = YES_ERROR;
				CLANG_WARN_QUOTED_INCLUDE_IN_FRAMEWORK_HEADER = YES;
				CLANG_WARN_RANGE_LOOP_ANALYSIS = YES;
				CLANG_WARN_STRICT_PROTOTYPES = YES;
				CLANG_WARN_SUSPICIOUS_MOVE = YES;
				CLANG_WARN_UNGUARDED_AVAILABILITY = YES_AGGRESSIVE;
				CLANG_WARN_UNREACHABLE_CODE = YES;
				CLANG_WARN__DUPLICATE_METHOD_MATCH = YES;
				COPY_PHASE_STRIP = NO;
				DEBUG_INFORMATION_FORMAT = "dwarf-with-dsym";
				ENABLE_NS_ASSERTIONS = NO;
				ENABLE_STRICT_OBJC_MSGSEND = YES;
				GCC_C_LANGUAGE_STANDARD = gnu11;
				GCC_NO_COMMON_BLOCKS = YES;
				GCC_WARN_64_TO_32_BIT_CONVERSION = YES;
				GCC_WARN_ABOUT_RETURN_TYPE = YES_ERROR;
				GCC_WARN_UNDECLARED_SELECTOR = YES;
				GCC_WARN_UNINITIALIZED_AUTOS = YES_AGGRESSIVE;
				GCC_WARN_UNUSED_FUNCTION = YES;
				GCC_WARN_UNUSED_VARIABLE = YES;
				IPHONEOS_DEPLOYMENT_TARGET = 14.0;
				MTL_ENABLE_DEBUG_INFO = NO;
				MTL_FAST_MATH = YES;
				SDKROOT = iphoneos;
				SWIFT_COMPILATION_MODE = wholemodule;
				SWIFT_OPTIMIZATION_LEVEL = "-O";
				VALIDATE_PRODUCT = YES;
			};
			name = Release;
		};
		917A2603262C81B0008E5CF5 /* Debug */ = {
			isa = XCBuildConfiguration;
			buildSettings = {
				ASSETCATALOG_COMPILER_APPICON_NAME = AppIcon;
				ASSETCATALOG_COMPILER_GLOBAL_ACCENT_COLOR_NAME = AccentColor;
				CODE_SIGN_STYLE = Automatic;
				DEVELOPMENT_ASSET_PATHS = "\"FlowerLoadingSpinner/Preview Content\"";
				ENABLE_PREVIEWS = YES;
				INFOPLIST_FILE = FlowerLoadingSpinner/Info.plist;
				IPHONEOS_DEPLOYMENT_TARGET = 14.0;
				LD_RUNPATH_SEARCH_PATHS = (
					"$(inherited)",
					"@executable_path/Frameworks",
				);
				PRODUCT_BUNDLE_IDENTIFIER = com.mobility.FlowerLoadingSpinner;
				PRODUCT_NAME = "$(TARGET_NAME)";
				SWIFT_VERSION = 5.0;
				TARGETED_DEVICE_FAMILY = "1,2";
			};
			name = Debug;
		};
		917A2604262C81B0008E5CF5 /* Release */ = {
			isa = XCBuildConfiguration;
			buildSettings = {
				ASSETCATALOG_COMPILER_APPICON_NAME = AppIcon;
				ASSETCATALOG_COMPILER_GLOBAL_ACCENT_COLOR_NAME = AccentColor;
				CODE_SIGN_STYLE = Automatic;
				DEVELOPMENT_ASSET_PATHS = "\"FlowerLoadingSpinner/Preview Content\"";
				ENABLE_PREVIEWS = YES;
				INFOPLIST_FILE = FlowerLoadingSpinner/Info.plist;
				IPHONEOS_DEPLOYMENT_TARGET = 14.0;
				LD_RUNPATH_SEARCH_PATHS = (
					"$(inherited)",
					"@executable_path/Frameworks",
				);
				PRODUCT_BUNDLE_IDENTIFIER = com.mobility.FlowerLoadingSpinner;
				PRODUCT_NAME = "$(TARGET_NAME)";
				SWIFT_VERSION = 5.0;
				TARGETED_DEVICE_FAMILY = "1,2";
			};
			name = Release;
		};
/* End XCBuildConfiguration section */

/* Begin XCConfigurationList section */
		917A25EE262C81A7008E5CF5 /* Build configuration list for PBXProject "FlowerLoadingSpinner" */ = {
			isa = XCConfigurationList;
			buildConfigurations = (
				917A2600262C81B0008E5CF5 /* Debug */,
				917A2601262C81B0008E5CF5 /* Release */,
			);
			defaultConfigurationIsVisible = 0;
			defaultConfigurationName = Release;
		};
		917A2602262C81B0008E5CF5 /* Build configuration list for PBXNativeTarget "FlowerLoadingSpinner" */ = {
			isa = XCConfigurationList;
			buildConfigurations = (
				917A2603262C81B0008E5CF5 /* Debug */,
				917A2604262C81B0008E5CF5 /* Release */,
			);
			defaultConfigurationIsVisible = 0;
			defaultConfigurationName = Release;
		};
/* End XCConfigurationList section */
	};
	rootObject = 917A25EB262C81A7008E5CF5 /* Project object */;
}
