// !$*UTF8*$!
{
	archiveVersion = 1;
	classes = {
	};
	objectVersion = 50;
	objects = {

/* Begin PBXBuildFile section */
		91DF1CD326008FB90054BBEF /* AppDelegate.swift in Sources */ = {isa = PBXBuildFile; fileRef = 91DF1CD226008FB90054BBEF /* AppDelegate.swift */; };
		91DF1CD526008FB90054BBEF /* SceneDelegate.swift in Sources */ = {isa = PBXBuildFile; fileRef = 91DF1CD426008FB90054BBEF /* SceneDelegate.swift */; };
		91DF1CD726008FB90054BBEF /* ContentView.swift in Sources */ = {isa = PBXBuildFile; fileRef = 91DF1CD626008FB90054BBEF /* ContentView.swift */; };
		91DF1CD926008FBB0054BBEF /* Assets.xcassets in Resources */ = {isa = PBXBuildFile; fileRef = 91DF1CD826008FBB0054BBEF /* Assets.xcassets */; };
		91DF1CDC26008FBB0054BBEF /* Preview Assets.xcassets in Resources */ = {isa = PBXBuildFile; fileRef = 91DF1CDB26008FBB0054BBEF /* Preview Assets.xcassets */; };
		91DF1CDF26008FBB0054BBEF /* LaunchScreen.storyboard in Resources */ = {isa = PBXBuildFile; fileRef = 91DF1CDD26008FBB0054BBEF /* LaunchScreen.storyboard */; };
		91DF1CE8260090C60054BBEF /* Leaf.swift in Sources */ = {isa = PBXBuildFile; fileRef = 91DF1CE7260090C60054BBEF /* Leaf.swift */; };
/* End PBXBuildFile section */

/* Begin PBXFileReference section */
		91DF1CCF26008FB90054BBEF /* LeafAnimation.app */ = {isa = PBXFileReference; explicitFileType = wrapper.application; includeInIndex = 0; path = LeafAnimation.app; sourceTree = BUILT_PRODUCTS_DIR; };
		91DF1CD226008FB90054BBEF /* AppDelegate.swift */ = {isa = PBXFileReference; lastKnownFileType = sourcecode.swift; path = AppDelegate.swift; sourceTree = "<group>"; };
		91DF1CD426008FB90054BBEF /* SceneDelegate.swift */ = {isa = PBXFileReference; lastKnownFileType = sourcecode.swift; path = SceneDelegate.swift; sourceTree = "<group>"; };
		91DF1CD626008FB90054BBEF /* ContentView.swift */ = {isa = PBXFileReference; lastKnownFileType = sourcecode.swift; path = ContentView.swift; sourceTree = "<group>"; };
		91DF1CD826008FBB0054BBEF /* Assets.xcassets */ = {isa = PBXFileReference; lastKnownFileType = folder.assetcatalog; path = Assets.xcassets; sourceTree = "<group>"; };
		91DF1CDB26008FBB0054BBEF /* Preview Assets.xcassets */ = {isa = PBXFileReference; lastKnownFileType = folder.assetcatalog; path = "Preview Assets.xcassets"; sourceTree = "<group>"; };
		91DF1CDE26008FBB0054BBEF /* Base */ = {isa = PBXFileReference; lastKnownFileType = file.storyboard; name = Base; path = Base.lproj/LaunchScreen.storyboard; sourceTree = "<group>"; };
		91DF1CE026008FBB0054BBEF /* Info.plist */ = {isa = PBXFileReference; lastKnownFileType = text.plist.xml; path = Info.plist; sourceTree = "<group>"; };
		91DF1CE7260090C60054BBEF /* Leaf.swift */ = {isa = PBXFileReference; lastKnownFileType = sourcecode.swift; path = Leaf.swift; sourceTree = "<group>"; };
/* End PBXFileReference section */

/* Begin PBXFrameworksBuildPhase section */
		91DF1CCC26008FB90054BBEF /* Frameworks */ = {
			isa = PBXFrameworksBuildPhase;
			buildActionMask = 2147483647;
			files = (
			);
			runOnlyForDeploymentPostprocessing = 0;
		};
/* End PBXFrameworksBuildPhase section */

/* Begin PBXGroup section */
		91DF1CC626008FB90054BBEF = {
			isa = PBXGroup;
			children = (
				91DF1CD126008FB90054BBEF /* LeafAnimation */,
				91DF1CD026008FB90054BBEF /* Products */,
			);
			sourceTree = "<group>";
		};
		91DF1CD026008FB90054BBEF /* Products */ = {
			isa = PBXGroup;
			children = (
				91DF1CCF26008FB90054BBEF /* LeafAnimation.app */,
			);
			name = Products;
			sourceTree = "<group>";
		};
		91DF1CD126008FB90054BBEF /* LeafAnimation */ = {
			isa = PBXGroup;
			children = (
				91DF1CD226008FB90054BBEF /* AppDelegate.swift */,
				91DF1CD426008FB90054BBEF /* SceneDelegate.swift */,
				91DF1CD626008FB90054BBEF /* ContentView.swift */,
				91DF1CD826008FBB0054BBEF /* Assets.xcassets */,
				91DF1CDD26008FBB0054BBEF /* LaunchScreen.storyboard */,
				91DF1CE026008FBB0054BBEF /* Info.plist */,
				91DF1CDA26008FBB0054BBEF /* Preview Content */,
				91DF1CE7260090C60054BBEF /* Leaf.swift */,
			);
			path = LeafAnimation;
			sourceTree = "<group>";
		};
		91DF1CDA26008FBB0054BBEF /* Preview Content */ = {
			isa = PBXGroup;
			children = (
				91DF1CDB26008FBB0054BBEF /* Preview Assets.xcassets */,
			);
			path = "Preview Content";
			sourceTree = "<group>";
		};
/* End PBXGroup section */

/* Begin PBXNativeTarget section */
		91DF1CCE26008FB90054BBEF /* LeafAnimation */ = {
			isa = PBXNativeTarget;
			buildConfigurationList = 91DF1CE326008FBB0054BBEF /* Build configuration list for PBXNativeTarget "LeafAnimation" */;
			buildPhases = (
				91DF1CCB26008FB90054BBEF /* Sources */,
				91DF1CCC26008FB90054BBEF /* Frameworks */,
				91DF1CCD26008FB90054BBEF /* Resources */,
			);
			buildRules = (
			);
			dependencies = (
			);
			name = LeafAnimation;
			productName = LeafAnimation;
			productReference = 91DF1CCF26008FB90054BBEF /* LeafAnimation.app */;
			productType = "com.apple.product-type.application";
		};
/* End PBXNativeTarget section */

/* Begin PBXProject section */
		91DF1CC726008FB90054BBEF /* Project object */ = {
			isa = PBXProject;
			attributes = {
				LastSwiftUpdateCheck = 1200;
				LastUpgradeCheck = 1200;
				TargetAttributes = {
					91DF1CCE26008FB90054BBEF = {
						CreatedOnToolsVersion = 12.0;
					};
				};
			};
			buildConfigurationList = 91DF1CCA26008FB90054BBEF /* Build configuration list for PBXProject "LeafAnimation" */;
			compatibilityVersion = "Xcode 9.3";
			developmentRegion = en;
			hasScannedForEncodings = 0;
			knownRegions = (
				en,
				Base,
			);
			mainGroup = 91DF1CC626008FB90054BBEF;
			productRefGroup = 91DF1CD026008FB90054BBEF /* Products */;
			projectDirPath = "";
			projectRoot = "";
			targets = (
				91DF1CCE26008FB90054BBEF /* LeafAnimation */,
			);
		};
/* End PBXProject section */

/* Begin PBXResourcesBuildPhase section */
		91DF1CCD26008FB90054BBEF /* Resources */ = {
			isa = PBXResourcesBuildPhase;
			buildActionMask = 2147483647;
			files = (
				91DF1CDF26008FBB0054BBEF /* LaunchScreen.storyboard in Resources */,
				91DF1CDC26008FBB0054BBEF /* Preview Assets.xcassets in Resources */,
				91DF1CD926008FBB0054BBEF /* Assets.xcassets in Resources */,
			);
			runOnlyForDeploymentPostprocessing = 0;
		};
/* End PBXResourcesBuildPhase section */

/* Begin PBXSourcesBuildPhase section */
		91DF1CCB26008FB90054BBEF /* Sources */ = {
			isa = PBXSourcesBuildPhase;
			buildActionMask = 2147483647;
			files = (
				91DF1CD326008FB90054BBEF /* AppDelegate.swift in Sources */,
				91DF1CE8260090C60054BBEF /* Leaf.swift in Sources */,
				91DF1CD526008FB90054BBEF /* SceneDelegate.swift in Sources */,
				91DF1CD726008FB90054BBEF /* ContentView.swift in Sources */,
			);
			runOnlyForDeploymentPostprocessing = 0;
		};
/* End PBXSourcesBuildPhase section */

/* Begin PBXVariantGroup section */
		91DF1CDD26008FBB0054BBEF /* LaunchScreen.storyboard */ = {
			isa = PBXVariantGroup;
			children = (
				91DF1CDE26008FBB0054BBEF /* Base */,
			);
			name = LaunchScreen.storyboard;
			sourceTree = "<group>";
		};
/* End PBXVariantGroup section */

/* Begin XCBuildConfiguration section */
		91DF1CE126008FBB0054BBEF /* Debug */ = {
			isa = XCBuildConfiguration;
			buildSettings = {
				ALWAYS_SEARCH_USER_PATHS = NO;
				CLANG_ANALYZER_NONNULL = YES;
				CLANG_ANALYZER_NUMBER_OBJECT_CONVERSION = YES_AGGRESSIVE;
				CLANG_CXX_LANGUAGE_STANDARD = "gnu++14";
				CLANG_CXX_LIBRARY = "libc++";
				CLANG_ENABLE_MODULES = YES;
				CLANG_ENABLE_OBJC_ARC = YES;
				CLANG_ENABLE_OBJC_WEAK = YES;
				CLANG_WARN_BLOCK_CAPTURE_AUTORELEASING = YES;
				CLANG_WARN_BOOL_CONVERSION = YES;
				CLANG_WARN_COMMA = YES;
				CLANG_WARN_CONSTANT_CONVERSION = YES;
				CLANG_WARN_DEPRECATED_OBJC_IMPLEMENTATIONS = YES;
				CLANG_WARN_DIRECT_OBJC_ISA_USAGE = YES_ERROR;
				CLANG_WARN_DOCUMENTATION_COMMENTS = YES;
				CLANG_WARN_EMPTY_BODY = YES;
				CLANG_WARN_ENUM_CONVERSION = YES;
				CLANG_WARN_INFINITE_RECURSION = YES;
				CLANG_WARN_INT_CONVERSION = YES;
				CLANG_WARN_NON_LITERAL_NULL_CONVERSION = YES;
				CLANG_WARN_OBJC_IMPLICIT_RETAIN_SELF = YES;
				CLANG_WARN_OBJC_LITERAL_CONVERSION = YES;
				CLANG_WARN_OBJC_ROOT_CLASS = YES_ERROR;
				CLANG_WARN_QUOTED_INCLUDE_IN_FRAMEWORK_HEADER = YES;
				CLANG_WARN_RANGE_LOOP_ANALYSIS = YES;
				CLANG_WARN_STRICT_PROTOTYPES = YES;
				CLANG_WARN_SUSPICIOUS_MOVE = YES;
				CLANG_WARN_UNGUARDED_AVAILABILITY = YES_AGGRESSIVE;
				CLANG_WARN_UNREACHABLE_CODE = YES;
				CLANG_WARN__DUPLICATE_METHOD_MATCH = YES;
				COPY_PHASE_STRIP = NO;
				DEBUG_INFORMATION_FORMAT = dwarf;
				ENABLE_STRICT_OBJC_MSGSEND = YES;
				ENABLE_TESTABILITY = YES;
				GCC_C_LANGUAGE_STANDARD = gnu11;
				GCC_DYNAMIC_NO_PIC = NO;
				GCC_NO_COMMON_BLOCKS = YES;
				GCC_OPTIMIZATION_LEVEL = 0;
				GCC_PREPROCESSOR_DEFINITIONS = (
					"DEBUG=1",
					"$(inherited)",
				);
				GCC_WARN_64_TO_32_BIT_CONVERSION = YES;
				GCC_WARN_ABOUT_RETURN_TYPE = YES_ERROR;
				GCC_WARN_UNDECLARED_SELECTOR = YES;
				GCC_WARN_UNINITIALIZED_AUTOS = YES_AGGRESSIVE;
				GCC_WARN_UNUSED_FUNCTION = YES;
				GCC_WARN_UNUSED_VARIABLE = YES;
				IPHONEOS_DEPLOYMENT_TARGET = 14.0;
				MTL_ENABLE_DEBUG_INFO = INCLUDE_SOURCE;
				MTL_FAST_MATH = YES;
				ONLY_ACTIVE_ARCH = YES;
				SDKROOT = iphoneos;
				SWIFT_ACTIVE_COMPILATION_CONDITIONS = DEBUG;
				SWIFT_OPTIMIZATION_LEVEL = "-Onone";
			};
			name = Debug;
		};
		91DF1CE226008FBB0054BBEF /* Release */ = {
			isa = XCBuildConfiguration;
			buildSettings = {
				ALWAYS_SEARCH_USER_PATHS = NO;
				CLANG_ANALYZER_NONNULL = YES;
				CLANG_ANALYZER_NUMBER_OBJECT_CONVERSION = YES_AGGRESSIVE;
				CLANG_CXX_LANGUAGE_STANDARD = "gnu++14";
				CLANG_CXX_LIBRARY = "libc++";
				CLANG_ENABLE_MODULES = YES;
				CLANG_ENABLE_OBJC_ARC = YES;
				CLANG_ENABLE_OBJC_WEAK = YES;
				CLANG_WARN_BLOCK_CAPTURE_AUTORELEASING = YES;
				CLANG_WARN_BOOL_CONVERSION = YES;
				CLANG_WARN_COMMA = YES;
				CLANG_WARN_CONSTANT_CONVERSION = YES;
				CLANG_WARN_DEPRECATED_OBJC_IMPLEMENTATIONS = YES;
				CLANG_WARN_DIRECT_OBJC_ISA_USAGE = YES_ERROR;
				CLANG_WARN_DOCUMENTATION_COMMENTS = YES;
				CLANG_WARN_EMPTY_BODY = YES;
				CLANG_WARN_ENUM_CONVERSION = YES;
				CLANG_WARN_INFINITE_RECURSION = YES;
				CLANG_WARN_INT_CONVERSION = YES;
				CLANG_WARN_NON_LITERAL_NULL_CONVERSION = YES;
				CLANG_WARN_OBJC_IMPLICIT_RETAIN_SELF = YES;
				CLANG_WARN_OBJC_LITERAL_CONVERSION = YES;
				CLANG_WARN_OBJC_ROOT_CLASS = YES_ERROR;
				CLANG_WARN_QUOTED_INCLUDE_IN_FRAMEWORK_HEADER = YES;
				CLANG_WARN_RANGE_LOOP_ANALYSIS = YES;
				CLANG_WARN_STRICT_PROTOTYPES = YES;
				CLANG_WARN_SUSPICIOUS_MOVE = YES;
				CLANG_WARN_UNGUARDED_AVAILABILITY = YES_AGGRESSIVE;
				CLANG_WARN_UNREACHABLE_CODE = YES;
				CLANG_WARN__DUPLICATE_METHOD_MATCH = YES;
				COPY_PHASE_STRIP = NO;
				DEBUG_INFORMATION_FORMAT = "dwarf-with-dsym";
				ENABLE_NS_ASSERTIONS = NO;
				ENABLE_STRICT_OBJC_MSGSEND = YES;
				GCC_C_LANGUAGE_STANDARD = gnu11;
				GCC_NO_COMMON_BLOCKS = YES;
				GCC_WARN_64_TO_32_BIT_CONVERSION = YES;
				GCC_WARN_ABOUT_RETURN_TYPE = YES_ERROR;
				GCC_WARN_UNDECLARED_SELECTOR = YES;
				GCC_WARN_UNINITIALIZED_AUTOS = YES_AGGRESSIVE;
				GCC_WARN_UNUSED_FUNCTION = YES;
				GCC_WARN_UNUSED_VARIABLE = YES;
				IPHONEOS_DEPLOYMENT_TARGET = 14.0;
				MTL_ENABLE_DEBUG_INFO = NO;
				MTL_FAST_MATH = YES;
				SDKROOT = iphoneos;
				SWIFT_COMPILATION_MODE = wholemodule;
				SWIFT_OPTIMIZATION_LEVEL = "-O";
				VALIDATE_PRODUCT = YES;
			};
			name = Release;
		};
		91DF1CE426008FBB0054BBEF /* Debug */ = {
			isa = XCBuildConfiguration;
			buildSettings = {
				ASSETCATALOG_COMPILER_APPICON_NAME = AppIcon;
				ASSETCATALOG_COMPILER_GLOBAL_ACCENT_COLOR_NAME = AccentColor;
				CODE_SIGN_STYLE = Automatic;
				DEVELOPMENT_ASSET_PATHS = "\"LeafAnimation/Preview Content\"";
				ENABLE_PREVIEWS = YES;
				INFOPLIST_FILE = LeafAnimation/Info.plist;
				LD_RUNPATH_SEARCH_PATHS = (
					"$(inherited)",
					"@executable_path/Frameworks",
				);
				PRODUCT_BUNDLE_IDENTIFIER = com.mobility.LeafAnimation;
				PRODUCT_NAME = "$(TARGET_NAME)";
				SWIFT_VERSION = 5.0;
				TARGETED_DEVICE_FAMILY = "1,2";
			};
			name = Debug;
		};
		91DF1CE526008FBB0054BBEF /* Release */ = {
			isa = XCBuildConfiguration;
			buildSettings = {
				ASSETCATALOG_COMPILER_APPICON_NAME = AppIcon;
				ASSETCATALOG_COMPILER_GLOBAL_ACCENT_COLOR_NAME = AccentColor;
				CODE_SIGN_STYLE = Automatic;
				DEVELOPMENT_ASSET_PATHS = "\"LeafAnimation/Preview Content\"";
				ENABLE_PREVIEWS = YES;
				INFOPLIST_FILE = LeafAnimation/Info.plist;
				LD_RUNPATH_SEARCH_PATHS = (
					"$(inherited)",
					"@executable_path/Frameworks",
				);
				PRODUCT_BUNDLE_IDENTIFIER = com.mobility.LeafAnimation;
				PRODUCT_NAME = "$(TARGET_NAME)";
				SWIFT_VERSION = 5.0;
				TARGETED_DEVICE_FAMILY = "1,2";
			};
			name = Release;
		};
/* End XCBuildConfiguration section */

/* Begin XCConfigurationList section */
		91DF1CCA26008FB90054BBEF /* Build configuration list for PBXProject "LeafAnimation" */ = {
			isa = XCConfigurationList;
			buildConfigurations = (
				91DF1CE126008FBB0054BBEF /* Debug */,
				91DF1CE226008FBB0054BBEF /* Release */,
			);
			defaultConfigurationIsVisible = 0;
			defaultConfigurationName = Release;
		};
		91DF1CE326008FBB0054BBEF /* Build configuration list for PBXNativeTarget "LeafAnimation" */ = {
			isa = XCConfigurationList;
			buildConfigurations = (
				91DF1CE426008FBB0054BBEF /* Debug */,
				91DF1CE526008FBB0054BBEF /* Release */,
			);
			defaultConfigurationIsVisible = 0;
			defaultConfigurationName = Release;
		};
/* End XCConfigurationList section */
	};
	rootObject = 91DF1CC726008FB90054BBEF /* Project object */;
}
