// !$*UTF8*$!
{
	archiveVersion = 1;
	classes = {
	};
	objectVersion = 50;
	objects = {

/* Begin PBXBuildFile section */
		91A921E5266BCF96006AEC5D /* EForEyesAnimationApp.swift in Sources */ = {isa = PBXBuildFile; fileRef = 91A921E4266BCF96006AEC5D /* EForEyesAnimationApp.swift */; };
		91A921E7266BCF96006AEC5D /* ContentView.swift in Sources */ = {isa = PBXBuildFile; fileRef = 91A921E6266BCF96006AEC5D /* ContentView.swift */; };
		91A921E9266BCF98006AEC5D /* Assets.xcassets in Resources */ = {isa = PBXBuildFile; fileRef = 91A921E8266BCF98006AEC5D /* Assets.xcassets */; };
		91A921EC266BCF98006AEC5D /* Preview Assets.xcassets in Resources */ = {isa = PBXBuildFile; fileRef = 91A921EB266BCF98006AEC5D /* Preview Assets.xcassets */; };
		91A921F5266BD7DD006AEC5D /* Eye.swift in Sources */ = {isa = PBXBuildFile; fileRef = 91A921F4266BD7DD006AEC5D /* Eye.swift */; };
/* End PBXBuildFile section */

/* Begin PBXFileReference section */
		91A921E1266BCF96006AEC5D /* EForEyesAnimation.app */ = {isa = PBXFileReference; explicitFileType = wrapper.application; includeInIndex = 0; path = EForEyesAnimation.app; sourceTree = BUILT_PRODUCTS_DIR; };
		91A921E4266BCF96006AEC5D /* EForEyesAnimationApp.swift */ = {isa = PBXFileReference; lastKnownFileType = sourcecode.swift; path = EForEyesAnimationApp.swift; sourceTree = "<group>"; };
		91A921E6266BCF96006AEC5D /* ContentView.swift */ = {isa = PBXFileReference; lastKnownFileType = sourcecode.swift; path = ContentView.swift; sourceTree = "<group>"; };
		91A921E8266BCF98006AEC5D /* Assets.xcassets */ = {isa = PBXFileReference; lastKnownFileType = folder.assetcatalog; path = Assets.xcassets; sourceTree = "<group>"; };
		91A921EB266BCF98006AEC5D /* Preview Assets.xcassets */ = {isa = PBXFileReference; lastKnownFileType = folder.assetcatalog; path = "Preview Assets.xcassets"; sourceTree = "<group>"; };
		91A921ED266BCF98006AEC5D /* Info.plist */ = {isa = PBXFileReference; lastKnownFileType = text.plist.xml; path = Info.plist; sourceTree = "<group>"; };
		91A921F4266BD7DD006AEC5D /* Eye.swift */ = {isa = PBXFileReference; lastKnownFileType = sourcecode.swift; path = Eye.swift; sourceTree = "<group>"; };
/* End PBXFileReference section */

/* Begin PBXFrameworksBuildPhase section */
		91A921DE266BCF96006AEC5D /* Frameworks */ = {
			isa = PBXFrameworksBuildPhase;
			buildActionMask = 2147483647;
			files = (
			);
			runOnlyForDeploymentPostprocessing = 0;
		};
/* End PBXFrameworksBuildPhase section */

/* Begin PBXGroup section */
		91A921D8266BCF96006AEC5D = {
			isa = PBXGroup;
			children = (
				91A921E3266BCF96006AEC5D /* EForEyesAnimation */,
				91A921E2266BCF96006AEC5D /* Products */,
			);
			sourceTree = "<group>";
		};
		91A921E2266BCF96006AEC5D /* Products */ = {
			isa = PBXGroup;
			children = (
				91A921E1266BCF96006AEC5D /* EForEyesAnimation.app */,
			);
			name = Products;
			sourceTree = "<group>";
		};
		91A921E3266BCF96006AEC5D /* EForEyesAnimation */ = {
			isa = PBXGroup;
			children = (
				91A921E4266BCF96006AEC5D /* EForEyesAnimationApp.swift */,
				91A921E6266BCF96006AEC5D /* ContentView.swift */,
				91A921E8266BCF98006AEC5D /* Assets.xcassets */,
				91A921ED266BCF98006AEC5D /* Info.plist */,
				91A921EA266BCF98006AEC5D /* Preview Content */,
				91A921F4266BD7DD006AEC5D /* Eye.swift */,
			);
			path = EForEyesAnimation;
			sourceTree = "<group>";
		};
		91A921EA266BCF98006AEC5D /* Preview Content */ = {
			isa = PBXGroup;
			children = (
				91A921EB266BCF98006AEC5D /* Preview Assets.xcassets */,
			);
			path = "Preview Content";
			sourceTree = "<group>";
		};
/* End PBXGroup section */

/* Begin PBXNativeTarget section */
		91A921E0266BCF96006AEC5D /* EForEyesAnimation */ = {
			isa = PBXNativeTarget;
			buildConfigurationList = 91A921F0266BCF98006AEC5D /* Build configuration list for PBXNativeTarget "EForEyesAnimation" */;
			buildPhases = (
				91A921DD266BCF96006AEC5D /* Sources */,
				91A921DE266BCF96006AEC5D /* Frameworks */,
				91A921DF266BCF96006AEC5D /* Resources */,
			);
			buildRules = (
			);
			dependencies = (
			);
			name = EForEyesAnimation;
			productName = EForEyesAnimation;
			productReference = 91A921E1266BCF96006AEC5D /* EForEyesAnimation.app */;
			productType = "com.apple.product-type.application";
		};
/* End PBXNativeTarget section */

/* Begin PBXProject section */
		91A921D9266BCF96006AEC5D /* Project object */ = {
			isa = PBXProject;
			attributes = {
				LastSwiftUpdateCheck = 1230;
				LastUpgradeCheck = 1230;
				TargetAttributes = {
					91A921E0266BCF96006AEC5D = {
						CreatedOnToolsVersion = 12.3;
					};
				};
			};
			buildConfigurationList = 91A921DC266BCF96006AEC5D /* Build configuration list for PBXProject "EForEyesAnimation" */;
			compatibilityVersion = "Xcode 9.3";
			developmentRegion = en;
			hasScannedForEncodings = 0;
			knownRegions = (
				en,
				Base,
			);
			mainGroup = 91A921D8266BCF96006AEC5D;
			productRefGroup = 91A921E2266BCF96006AEC5D /* Products */;
			projectDirPath = "";
			projectRoot = "";
			targets = (
				91A921E0266BCF96006AEC5D /* EForEyesAnimation */,
			);
		};
/* End PBXProject section */

/* Begin PBXResourcesBuildPhase section */
		91A921DF266BCF96006AEC5D /* Resources */ = {
			isa = PBXResourcesBuildPhase;
			buildActionMask = 2147483647;
			files = (
				91A921EC266BCF98006AEC5D /* Preview Assets.xcassets in Resources */,
				91A921E9266BCF98006AEC5D /* Assets.xcassets in Resources */,
			);
			runOnlyForDeploymentPostprocessing = 0;
		};
/* End PBXResourcesBuildPhase section */

/* Begin PBXSourcesBuildPhase section */
		91A921DD266BCF96006AEC5D /* Sources */ = {
			isa = PBXSourcesBuildPhase;
			buildActionMask = 2147483647;
			files = (
				91A921E7266BCF96006AEC5D /* ContentView.swift in Sources */,
				91A921E5266BCF96006AEC5D /* EForEyesAnimationApp.swift in Sources */,
				91A921F5266BD7DD006AEC5D /* Eye.swift in Sources */,
			);
			runOnlyForDeploymentPostprocessing = 0;
		};
/* End PBXSourcesBuildPhase section */

/* Begin XCBuildConfiguration section */
		91A921EE266BCF98006AEC5D /* Debug */ = {
			isa = XCBuildConfiguration;
			buildSettings = {
				ALWAYS_SEARCH_USER_PATHS = NO;
				CLANG_ANALYZER_NONNULL = YES;
				CLANG_ANALYZER_NUMBER_OBJECT_CONVERSION = YES_AGGRESSIVE;
				CLANG_CXX_LANGUAGE_STANDARD = "gnu++14";
				CLANG_CXX_LIBRARY = "libc++";
				CLANG_ENABLE_MODULES = YES;
				CLANG_ENABLE_OBJC_ARC = YES;
				CLANG_ENABLE_OBJC_WEAK = YES;
				CLANG_WARN_BLOCK_CAPTURE_AUTORELEASING = YES;
				CLANG_WARN_BOOL_CONVERSION = YES;
				CLANG_WARN_COMMA = YES;
				CLANG_WARN_CONSTANT_CONVERSION = YES;
				CLANG_WARN_DEPRECATED_OBJC_IMPLEMENTATIONS = YES;
				CLANG_WARN_DIRECT_OBJC_ISA_USAGE = YES_ERROR;
				CLANG_WARN_DOCUMENTATION_COMMENTS = YES;
				CLANG_WARN_EMPTY_BODY = YES;
				CLANG_WARN_ENUM_CONVERSION = YES;
				CLANG_WARN_INFINITE_RECURSION = YES;
				CLANG_WARN_INT_CONVERSION = YES;
				CLANG_WARN_NON_LITERAL_NULL_CONVERSION = YES;
				CLANG_WARN_OBJC_IMPLICIT_RETAIN_SELF = YES;
				CLANG_WARN_OBJC_LITERAL_CONVERSION = YES;
				CLANG_WARN_OBJC_ROOT_CLASS = YES_ERROR;
				CLANG_WARN_QUOTED_INCLUDE_IN_FRAMEWORK_HEADER = YES;
				CLANG_WARN_RANGE_LOOP_ANALYSIS = YES;
				CLANG_WARN_STRICT_PROTOTYPES = YES;
				CLANG_WARN_SUSPICIOUS_MOVE = YES;
				CLANG_WARN_UNGUARDED_AVAILABILITY = YES_AGGRESSIVE;
				CLANG_WARN_UNREACHABLE_CODE = YES;
				CLANG_WARN__DUPLICATE_METHOD_MATCH = YES;
				COPY_PHASE_STRIP = NO;
				DEBUG_INFORMATION_FORMAT = dwarf;
				ENABLE_STRICT_OBJC_MSGSEND = YES;
				ENABLE_TESTABILITY = YES;
				GCC_C_LANGUAGE_STANDARD = gnu11;
				GCC_DYNAMIC_NO_PIC = NO;
				GCC_NO_COMMON_BLOCKS = YES;
				GCC_OPTIMIZATION_LEVEL = 0;
				GCC_PREPROCESSOR_DEFINITIONS = (
					"DEBUG=1",
					"$(inherited)",
				);
				GCC_WARN_64_TO_32_BIT_CONVERSION = YES;
				GCC_WARN_ABOUT_RETURN_TYPE = YES_ERROR;
				GCC_WARN_UNDECLARED_SELECTOR = YES;
				GCC_WARN_UNINITIALIZED_AUTOS = YES_AGGRESSIVE;
				GCC_WARN_UNUSED_FUNCTION = YES;
				GCC_WARN_UNUSED_VARIABLE = YES;
				IPHONEOS_DEPLOYMENT_TARGET = 14.3;
				MTL_ENABLE_DEBUG_INFO = INCLUDE_SOURCE;
				MTL_FAST_MATH = YES;
				ONLY_ACTIVE_ARCH = YES;
				SDKROOT = iphoneos;
				SWIFT_ACTIVE_COMPILATION_CONDITIONS = DEBUG;
				SWIFT_OPTIMIZATION_LEVEL = "-Onone";
			};
			name = Debug;
		};
		91A921EF266BCF98006AEC5D /* Release */ = {
			isa = XCBuildConfiguration;
			buildSettings = {
				ALWAYS_SEARCH_USER_PATHS = NO;
				CLANG_ANALYZER_NONNULL = YES;
				CLANG_ANALYZER_NUMBER_OBJECT_CONVERSION = YES_AGGRESSIVE;
				CLANG_CXX_LANGUAGE_STANDARD = "gnu++14";
				CLANG_CXX_LIBRARY = "libc++";
				CLANG_ENABLE_MODULES = YES;
				CLANG_ENABLE_OBJC_ARC = YES;
				CLANG_ENABLE_OBJC_WEAK = YES;
				CLANG_WARN_BLOCK_CAPTURE_AUTORELEASING = YES;
				CLANG_WARN_BOOL_CONVERSION = YES;
				CLANG_WARN_COMMA = YES;
				CLANG_WARN_CONSTANT_CONVERSION = YES;
				CLANG_WARN_DEPRECATED_OBJC_IMPLEMENTATIONS = YES;
				CLANG_WARN_DIRECT_OBJC_ISA_USAGE = YES_ERROR;
				CLANG_WARN_DOCUMENTATION_COMMENTS = YES;
				CLANG_WARN_EMPTY_BODY = YES;
				CLANG_WARN_ENUM_CONVERSION = YES;
				CLANG_WARN_INFINITE_RECURSION = YES;
				CLANG_WARN_INT_CONVERSION = YES;
				CLANG_WARN_NON_LITERAL_NULL_CONVERSION = YES;
				CLANG_WARN_OBJC_IMPLICIT_RETAIN_SELF = YES;
				CLANG_WARN_OBJC_LITERAL_CONVERSION = YES;
				CLANG_WARN_OBJC_ROOT_CLASS = YES_ERROR;
				CLANG_WARN_QUOTED_INCLUDE_IN_FRAMEWORK_HEADER = YES;
				CLANG_WARN_RANGE_LOOP_ANALYSIS = YES;
				CLANG_WARN_STRICT_PROTOTYPES = YES;
				CLANG_WARN_SUSPICIOUS_MOVE = YES;
				CLANG_WARN_UNGUARDED_AVAILABILITY = YES_AGGRESSIVE;
				CLANG_WARN_UNREACHABLE_CODE = YES;
				CLANG_WARN__DUPLICATE_METHOD_MATCH = YES;
				COPY_PHASE_STRIP = NO;
				DEBUG_INFORMATION_FORMAT = "dwarf-with-dsym";
				ENABLE_NS_ASSERTIONS = NO;
				ENABLE_STRICT_OBJC_MSGSEND = YES;
				GCC_C_LANGUAGE_STANDARD = gnu11;
				GCC_NO_COMMON_BLOCKS = YES;
				GCC_WARN_64_TO_32_BIT_CONVERSION = YES;
				GCC_WARN_ABOUT_RETURN_TYPE = YES_ERROR;
				GCC_WARN_UNDECLARED_SELECTOR = YES;
				GCC_WARN_UNINITIALIZED_AUTOS = YES_AGGRESSIVE;
				GCC_WARN_UNUSED_FUNCTION = YES;
				GCC_WARN_UNUSED_VARIABLE = YES;
				IPHONEOS_DEPLOYMENT_TARGET = 14.3;
				MTL_ENABLE_DEBUG_INFO = NO;
				MTL_FAST_MATH = YES;
				SDKROOT = iphoneos;
				SWIFT_COMPILATION_MODE = wholemodule;
				SWIFT_OPTIMIZATION_LEVEL = "-O";
				VALIDATE_PRODUCT = YES;
			};
			name = Release;
		};
		91A921F1266BCF98006AEC5D /* Debug */ = {
			isa = XCBuildConfiguration;
			buildSettings = {
				ASSETCATALOG_COMPILER_APPICON_NAME = AppIcon;
				ASSETCATALOG_COMPILER_GLOBAL_ACCENT_COLOR_NAME = AccentColor;
				CODE_SIGN_STYLE = Automatic;
				DEVELOPMENT_ASSET_PATHS = "\"EForEyesAnimation/Preview Content\"";
				ENABLE_PREVIEWS = YES;
				INFOPLIST_FILE = EForEyesAnimation/Info.plist;
				IPHONEOS_DEPLOYMENT_TARGET = 14.0;
				LD_RUNPATH_SEARCH_PATHS = (
					"$(inherited)",
					"@executable_path/Frameworks",
				);
				PRODUCT_BUNDLE_IDENTIFIER = com.mobility.EForEyesAnimation;
				PRODUCT_NAME = "$(TARGET_NAME)";
				SWIFT_VERSION = 5.0;
				TARGETED_DEVICE_FAMILY = "1,2";
			};
			name = Debug;
		};
		91A921F2266BCF98006AEC5D /* Release */ = {
			isa = XCBuildConfiguration;
			buildSettings = {
				ASSETCATALOG_COMPILER_APPICON_NAME = AppIcon;
				ASSETCATALOG_COMPILER_GLOBAL_ACCENT_COLOR_NAME = AccentColor;
				CODE_SIGN_STYLE = Automatic;
				DEVELOPMENT_ASSET_PATHS = "\"EForEyesAnimation/Preview Content\"";
				ENABLE_PREVIEWS = YES;
				INFOPLIST_FILE = EForEyesAnimation/Info.plist;
				IPHONEOS_DEPLOYMENT_TARGET = 14.0;
				LD_RUNPATH_SEARCH_PATHS = (
					"$(inherited)",
					"@executable_path/Frameworks",
				);
				PRODUCT_BUNDLE_IDENTIFIER = com.mobility.EForEyesAnimation;
				PRODUCT_NAME = "$(TARGET_NAME)";
				SWIFT_VERSION = 5.0;
				TARGETED_DEVICE_FAMILY = "1,2";
			};
			name = Release;
		};
/* End XCBuildConfiguration section */

/* Begin XCConfigurationList section */
		91A921DC266BCF96006AEC5D /* Build configuration list for PBXProject "EForEyesAnimation" */ = {
			isa = XCConfigurationList;
			buildConfigurations = (
				91A921EE266BCF98006AEC5D /* Debug */,
				91A921EF266BCF98006AEC5D /* Release */,
			);
			defaultConfigurationIsVisible = 0;
			defaultConfigurationName = Release;
		};
		91A921F0266BCF98006AEC5D /* Build configuration list for PBXNativeTarget "EForEyesAnimation" */ = {
			isa = XCConfigurationList;
			buildConfigurations = (
				91A921F1266BCF98006AEC5D /* Debug */,
				91A921F2266BCF98006AEC5D /* Release */,
			);
			defaultConfigurationIsVisible = 0;
			defaultConfigurationName = Release;
		};
/* End XCConfigurationList section */
	};
	rootObject = 91A921D9266BCF96006AEC5D /* Project object */;
}
